// !$*UTF8*$!
{
	archiveVersion = 1;
	classes = {
	};
	objectVersion = 48;
	objects = {

/* Begin PBXBuildFile section */
		1817D5C61F28A50800E19708 /* AppDelegate.swift in Sources */ = {isa = PBXBuildFile; fileRef = 1817D5C51F28A50800E19708 /* AppDelegate.swift */; };
		1817D5D01F28A50800E19708 /* LaunchScreen.storyboard in Resources */ = {isa = PBXBuildFile; fileRef = 1817D5CE1F28A50800E19708 /* LaunchScreen.storyboard */; };
		1817D5DB1F28A50900E19708 /* DBLTests.swift in Sources */ = {isa = PBXBuildFile; fileRef = 1817D5DA1F28A50900E19708 /* DBLTests.swift */; };
		1817D5E61F28A50900E19708 /* DBLUITests.swift in Sources */ = {isa = PBXBuildFile; fileRef = 1817D5E51F28A50900E19708 /* DBLUITests.swift */; };
		1823D21C1F2B66C3001C18F1 /* DashBoardViewController.swift in Sources */ = {isa = PBXBuildFile; fileRef = 1823D21B1F2B66C3001C18F1 /* DashBoardViewController.swift */; };
		1823D21D1F2B66C3001C18F1 /* DashBoardViewController.swift in Sources */ = {isa = PBXBuildFile; fileRef = 1823D21B1F2B66C3001C18F1 /* DashBoardViewController.swift */; };
		1823D21E1F2B66C3001C18F1 /* DashBoardViewController.swift in Sources */ = {isa = PBXBuildFile; fileRef = 1823D21B1F2B66C3001C18F1 /* DashBoardViewController.swift */; };
		1823D2281F2B6B07001C18F1 /* Bullet-red.png in Resources */ = {isa = PBXBuildFile; fileRef = 1823D2251F2B6B07001C18F1 /* Bullet-red.png */; };
		1823D2291F2B6B07001C18F1 /* Bullet-blue.png in Resources */ = {isa = PBXBuildFile; fileRef = 1823D2261F2B6B07001C18F1 /* Bullet-blue.png */; };
		1823D22A1F2B6B07001C18F1 /* Bullet-green.png in Resources */ = {isa = PBXBuildFile; fileRef = 1823D2271F2B6B07001C18F1 /* Bullet-green.png */; };
		1855B4DC1F28C1AF00D92ADC /* GoogleService-Info.plist in Resources */ = {isa = PBXBuildFile; fileRef = 1855B4DB1F28C1AF00D92ADC /* GoogleService-Info.plist */; };
		187E4FD21F304B540042CDBD /* Main.storyboard in Resources */ = {isa = PBXBuildFile; fileRef = 187E4FD11F304A4D0042CDBD /* Main.storyboard */; };
		1E1A7DB61B9D9F2DAD38D15B /* Pods_DBL.framework in Frameworks */ = {isa = PBXBuildFile; fileRef = D030C1466E0EC745F2F3E16E /* Pods_DBL.framework */; };
/* End PBXBuildFile section */

/* Begin PBXContainerItemProxy section */
		1817D5D71F28A50900E19708 /* PBXContainerItemProxy */ = {
			isa = PBXContainerItemProxy;
			containerPortal = 1817D5BA1F28A50800E19708 /* Project object */;
			proxyType = 1;
			remoteGlobalIDString = 1817D5C11F28A50800E19708;
			remoteInfo = DBL;
		};
		1817D5E21F28A50900E19708 /* PBXContainerItemProxy */ = {
			isa = PBXContainerItemProxy;
			containerPortal = 1817D5BA1F28A50800E19708 /* Project object */;
			proxyType = 1;
			remoteGlobalIDString = 1817D5C11F28A50800E19708;
			remoteInfo = DBL;
		};
/* End PBXContainerItemProxy section */

/* Begin PBXFileReference section */
		1817D5C21F28A50800E19708 /* DBL.app */ = {isa = PBXFileReference; explicitFileType = wrapper.application; includeInIndex = 0; path = DBL.app; sourceTree = BUILT_PRODUCTS_DIR; };
		1817D5C51F28A50800E19708 /* AppDelegate.swift */ = {isa = PBXFileReference; lastKnownFileType = sourcecode.swift; path = AppDelegate.swift; sourceTree = "<group>"; };
		1817D5CF1F28A50800E19708 /* Base */ = {isa = PBXFileReference; lastKnownFileType = file.storyboard; name = Base; path = Base.lproj/LaunchScreen.storyboard; sourceTree = "<group>"; };
		1817D5D11F28A50800E19708 /* Info.plist */ = {isa = PBXFileReference; lastKnownFileType = text.plist.xml; path = Info.plist; sourceTree = "<group>"; };
		1817D5D61F28A50900E19708 /* DBLTests.xctest */ = {isa = PBXFileReference; explicitFileType = wrapper.cfbundle; includeInIndex = 0; path = DBLTests.xctest; sourceTree = BUILT_PRODUCTS_DIR; };
		1817D5DA1F28A50900E19708 /* DBLTests.swift */ = {isa = PBXFileReference; lastKnownFileType = sourcecode.swift; path = DBLTests.swift; sourceTree = "<group>"; };
		1817D5DC1F28A50900E19708 /* Info.plist */ = {isa = PBXFileReference; lastKnownFileType = text.plist.xml; path = Info.plist; sourceTree = "<group>"; };
		1817D5E11F28A50900E19708 /* DBLUITests.xctest */ = {isa = PBXFileReference; explicitFileType = wrapper.cfbundle; includeInIndex = 0; path = DBLUITests.xctest; sourceTree = BUILT_PRODUCTS_DIR; };
		1817D5E51F28A50900E19708 /* DBLUITests.swift */ = {isa = PBXFileReference; lastKnownFileType = sourcecode.swift; path = DBLUITests.swift; sourceTree = "<group>"; };
		1817D5E71F28A50900E19708 /* Info.plist */ = {isa = PBXFileReference; lastKnownFileType = text.plist.xml; path = Info.plist; sourceTree = "<group>"; };
		1823D21B1F2B66C3001C18F1 /* DashBoardViewController.swift */ = {isa = PBXFileReference; lastKnownFileType = sourcecode.swift; path = DashBoardViewController.swift; sourceTree = "<group>"; };
		1823D2251F2B6B07001C18F1 /* Bullet-red.png */ = {isa = PBXFileReference; lastKnownFileType = image.png; name = "Bullet-red.png"; path = "../../../.Trash/Bullet-red.png"; sourceTree = "<group>"; };
		1823D2261F2B6B07001C18F1 /* Bullet-blue.png */ = {isa = PBXFileReference; lastKnownFileType = image.png; name = "Bullet-blue.png"; path = "../../../.Trash/Bullet-blue.png"; sourceTree = "<group>"; };
		1823D2271F2B6B07001C18F1 /* Bullet-green.png */ = {isa = PBXFileReference; lastKnownFileType = image.png; name = "Bullet-green.png"; path = "../../../.Trash/Bullet-green.png"; sourceTree = "<group>"; };
		182851FC1F30488D00851758 /* Assets.xcassets */ = {isa = PBXFileReference; lastKnownFileType = folder.assetcatalog; path = Assets.xcassets; sourceTree = "<group>"; };
		1855B4DB1F28C1AF00D92ADC /* GoogleService-Info.plist */ = {isa = PBXFileReference; fileEncoding = 4; lastKnownFileType = text.plist.xml; name = "GoogleService-Info.plist"; path = "../../../Downloads/GoogleService-Info.plist"; sourceTree = "<group>"; };
		187E4FD11F304A4D0042CDBD /* Main.storyboard */ = {isa = PBXFileReference; lastKnownFileType = file.storyboard; path = Main.storyboard; sourceTree = "<group>"; };
		4683F9A6664D9A8BE81676B2 /* Pods-DBL.debug.xcconfig */ = {isa = PBXFileReference; includeInIndex = 1; lastKnownFileType = text.xcconfig; name = "Pods-DBL.debug.xcconfig"; path = "Pods/Target Support Files/Pods-DBL/Pods-DBL.debug.xcconfig"; sourceTree = "<group>"; };
		80D1EBF93D167D49B9842FFF /* Pods-DBL.release.xcconfig */ = {isa = PBXFileReference; includeInIndex = 1; lastKnownFileType = text.xcconfig; name = "Pods-DBL.release.xcconfig"; path = "Pods/Target Support Files/Pods-DBL/Pods-DBL.release.xcconfig"; sourceTree = "<group>"; };
		D030C1466E0EC745F2F3E16E /* Pods_DBL.framework */ = {isa = PBXFileReference; explicitFileType = wrapper.framework; includeInIndex = 0; path = Pods_DBL.framework; sourceTree = BUILT_PRODUCTS_DIR; };
/* End PBXFileReference section */

/* Begin PBXFrameworksBuildPhase section */
		1817D5BF1F28A50800E19708 /* Frameworks */ = {
			isa = PBXFrameworksBuildPhase;
			buildActionMask = 2147483647;
			files = (
				1E1A7DB61B9D9F2DAD38D15B /* Pods_DBL.framework in Frameworks */,
			);
			runOnlyForDeploymentPostprocessing = 0;
		};
		1817D5D31F28A50900E19708 /* Frameworks */ = {
			isa = PBXFrameworksBuildPhase;
			buildActionMask = 2147483647;
			files = (
			);
			runOnlyForDeploymentPostprocessing = 0;
		};
		1817D5DE1F28A50900E19708 /* Frameworks */ = {
			isa = PBXFrameworksBuildPhase;
			buildActionMask = 2147483647;
			files = (
			);
			runOnlyForDeploymentPostprocessing = 0;
		};
/* End PBXFrameworksBuildPhase section */

/* Begin PBXGroup section */
		1817D5B91F28A50800E19708 = {
			isa = PBXGroup;
			children = (
				1817D5C41F28A50800E19708 /* DBL */,
				1817D5D91F28A50900E19708 /* DBLTests */,
				1817D5E41F28A50900E19708 /* DBLUITests */,
				1817D5C31F28A50800E19708 /* Products */,
				C50F207AA79F0B5B53464CB4 /* Pods */,
				E43A40D30614F3369C037286 /* Frameworks */,
			);
			sourceTree = "<group>";
		};
		1817D5C31F28A50800E19708 /* Products */ = {
			isa = PBXGroup;
			children = (
				1817D5C21F28A50800E19708 /* DBL.app */,
				1817D5D61F28A50900E19708 /* DBLTests.xctest */,
				1817D5E11F28A50900E19708 /* DBLUITests.xctest */,
			);
			name = Products;
			sourceTree = "<group>";
		};
		1817D5C41F28A50800E19708 /* DBL */ = {
			isa = PBXGroup;
			children = (
				18EC39C21F30480D00A35CEA /* Viewcontrollers */,
				18EC39C31F30482400A35CEA /* Views */,
				1855B4DB1F28C1AF00D92ADC /* GoogleService-Info.plist */,
				1817D5D11F28A50800E19708 /* Info.plist */,
				1823D2261F2B6B07001C18F1 /* Bullet-blue.png */,
				1823D2271F2B6B07001C18F1 /* Bullet-green.png */,
				1823D2251F2B6B07001C18F1 /* Bullet-red.png */,
			);
			path = DBL;
			sourceTree = "<group>";
		};
		1817D5D91F28A50900E19708 /* DBLTests */ = {
			isa = PBXGroup;
			children = (
				1817D5DA1F28A50900E19708 /* DBLTests.swift */,
				1817D5DC1F28A50900E19708 /* Info.plist */,
			);
			path = DBLTests;
			sourceTree = "<group>";
		};
		1817D5E41F28A50900E19708 /* DBLUITests */ = {
			isa = PBXGroup;
			children = (
				1817D5E51F28A50900E19708 /* DBLUITests.swift */,
				1817D5E71F28A50900E19708 /* Info.plist */,
			);
			path = DBLUITests;
			sourceTree = "<group>";
		};
		18EC39C21F30480D00A35CEA /* Viewcontrollers */ = {
			isa = PBXGroup;
			children = (
				1817D5C51F28A50800E19708 /* AppDelegate.swift */,
				1823D21B1F2B66C3001C18F1 /* DashBoardViewController.swift */,
			);
			path = Viewcontrollers;
			sourceTree = "<group>";
		};
		18EC39C31F30482400A35CEA /* Views */ = {
			isa = PBXGroup;
			children = (
				187E4FD11F304A4D0042CDBD /* Main.storyboard */,
				1817D5CE1F28A50800E19708 /* LaunchScreen.storyboard */,
				182851FC1F30488D00851758 /* Assets.xcassets */,
			);
			path = Views;
			sourceTree = "<group>";
		};
		C50F207AA79F0B5B53464CB4 /* Pods */ = {
			isa = PBXGroup;
			children = (
				4683F9A6664D9A8BE81676B2 /* Pods-DBL.debug.xcconfig */,
				80D1EBF93D167D49B9842FFF /* Pods-DBL.release.xcconfig */,
			);
			name = Pods;
			sourceTree = "<group>";
		};
		E43A40D30614F3369C037286 /* Frameworks */ = {
			isa = PBXGroup;
			children = (
				D030C1466E0EC745F2F3E16E /* Pods_DBL.framework */,
			);
			name = Frameworks;
			sourceTree = "<group>";
		};
/* End PBXGroup section */

/* Begin PBXNativeTarget section */
		1817D5C11F28A50800E19708 /* DBL */ = {
			isa = PBXNativeTarget;
			buildConfigurationList = 1817D5EA1F28A50900E19708 /* Build configuration list for PBXNativeTarget "DBL" */;
			buildPhases = (
				2E27A144132D9D26E95A1CED /* [CP] Check Pods Manifest.lock */,
				1817D5BE1F28A50800E19708 /* Sources */,
				1817D5BF1F28A50800E19708 /* Frameworks */,
				1817D5C01F28A50800E19708 /* Resources */,
				678D6A1B3A94E76849BD4361 /* [CP] Embed Pods Frameworks */,
				8EE3409A62C8A832ED816AE1 /* [CP] Copy Pods Resources */,
			);
			buildRules = (
			);
			dependencies = (
			);
			name = DBL;
			productName = DBL;
			productReference = 1817D5C21F28A50800E19708 /* DBL.app */;
			productType = "com.apple.product-type.application";
		};
		1817D5D51F28A50900E19708 /* DBLTests */ = {
			isa = PBXNativeTarget;
			buildConfigurationList = 1817D5ED1F28A50900E19708 /* Build configuration list for PBXNativeTarget "DBLTests" */;
			buildPhases = (
				1817D5D21F28A50900E19708 /* Sources */,
				1817D5D31F28A50900E19708 /* Frameworks */,
				1817D5D41F28A50900E19708 /* Resources */,
			);
			buildRules = (
			);
			dependencies = (
				1817D5D81F28A50900E19708 /* PBXTargetDependency */,
			);
			name = DBLTests;
			productName = DBLTests;
			productReference = 1817D5D61F28A50900E19708 /* DBLTests.xctest */;
			productType = "com.apple.product-type.bundle.unit-test";
		};
		1817D5E01F28A50900E19708 /* DBLUITests */ = {
			isa = PBXNativeTarget;
			buildConfigurationList = 1817D5F01F28A50900E19708 /* Build configuration list for PBXNativeTarget "DBLUITests" */;
			buildPhases = (
				1817D5DD1F28A50900E19708 /* Sources */,
				1817D5DE1F28A50900E19708 /* Frameworks */,
				1817D5DF1F28A50900E19708 /* Resources */,
			);
			buildRules = (
			);
			dependencies = (
				1817D5E31F28A50900E19708 /* PBXTargetDependency */,
			);
			name = DBLUITests;
			productName = DBLUITests;
			productReference = 1817D5E11F28A50900E19708 /* DBLUITests.xctest */;
			productType = "com.apple.product-type.bundle.ui-testing";
		};
/* End PBXNativeTarget section */

/* Begin PBXProject section */
		1817D5BA1F28A50800E19708 /* Project object */ = {
			isa = PBXProject;
			attributes = {
				LastSwiftUpdateCheck = 0900;
				LastUpgradeCheck = 0900;
				ORGANIZATIONNAME = "SmartMobile Technologies";
				TargetAttributes = {
					1817D5C11F28A50800E19708 = {
						CreatedOnToolsVersion = 9.0;
					};
					1817D5D51F28A50900E19708 = {
						CreatedOnToolsVersion = 9.0;
						TestTargetID = 1817D5C11F28A50800E19708;
					};
					1817D5E01F28A50900E19708 = {
						CreatedOnToolsVersion = 9.0;
						TestTargetID = 1817D5C11F28A50800E19708;
					};
				};
			};
			buildConfigurationList = 1817D5BD1F28A50800E19708 /* Build configuration list for PBXProject "DBL" */;
			compatibilityVersion = "Xcode 8.0";
			developmentRegion = en;
			hasScannedForEncodings = 0;
			knownRegions = (
				en,
				Base,
			);
			mainGroup = 1817D5B91F28A50800E19708;
			productRefGroup = 1817D5C31F28A50800E19708 /* Products */;
			projectDirPath = "";
			projectRoot = "";
			targets = (
				1817D5C11F28A50800E19708 /* DBL */,
				1817D5D51F28A50900E19708 /* DBLTests */,
				1817D5E01F28A50900E19708 /* DBLUITests */,
			);
		};
/* End PBXProject section */

/* Begin PBXResourcesBuildPhase section */
		1817D5C01F28A50800E19708 /* Resources */ = {
			isa = PBXResourcesBuildPhase;
			buildActionMask = 2147483647;
			files = (
				1817D5D01F28A50800E19708 /* LaunchScreen.storyboard in Resources */,
				1823D22A1F2B6B07001C18F1 /* Bullet-green.png in Resources */,
				1855B4DC1F28C1AF00D92ADC /* GoogleService-Info.plist in Resources */,
				187E4FD21F304B540042CDBD /* Main.storyboard in Resources */,
				1823D2281F2B6B07001C18F1 /* Bullet-red.png in Resources */,
				1823D2291F2B6B07001C18F1 /* Bullet-blue.png in Resources */,
			);
			runOnlyForDeploymentPostprocessing = 0;
		};
		1817D5D41F28A50900E19708 /* Resources */ = {
			isa = PBXResourcesBuildPhase;
			buildActionMask = 2147483647;
			files = (
			);
			runOnlyForDeploymentPostprocessing = 0;
		};
		1817D5DF1F28A50900E19708 /* Resources */ = {
			isa = PBXResourcesBuildPhase;
			buildActionMask = 2147483647;
			files = (
			);
			runOnlyForDeploymentPostprocessing = 0;
		};
/* End PBXResourcesBuildPhase section */

/* Begin PBXShellScriptBuildPhase section */
		2E27A144132D9D26E95A1CED /* [CP] Check Pods Manifest.lock */ = {
			isa = PBXShellScriptBuildPhase;
			buildActionMask = 2147483647;
			files = (
			);
			inputPaths = (
			);
			name = "[CP] Check Pods Manifest.lock";
			outputPaths = (
			);
			runOnlyForDeploymentPostprocessing = 0;
			shellPath = /bin/sh;
			shellScript = "diff \"${PODS_PODFILE_DIR_PATH}/Podfile.lock\" \"${PODS_ROOT}/Manifest.lock\" > /dev/null\nif [ $? != 0 ] ; then\n    # print error to STDERR\n    echo \"error: The sandbox is not in sync with the Podfile.lock. Run 'pod install' or update your CocoaPods installation.\" >&2\n    exit 1\nfi\n";
			showEnvVarsInLog = 0;
		};
		678D6A1B3A94E76849BD4361 /* [CP] Embed Pods Frameworks */ = {
			isa = PBXShellScriptBuildPhase;
			buildActionMask = 2147483647;
			files = (
			);
			inputPaths = (
			);
			name = "[CP] Embed Pods Frameworks";
			outputPaths = (
			);
			runOnlyForDeploymentPostprocessing = 0;
			shellPath = /bin/sh;
			shellScript = "\"${SRCROOT}/Pods/Target Support Files/Pods-DBL/Pods-DBL-frameworks.sh\"\n";
			showEnvVarsInLog = 0;
		};
		8EE3409A62C8A832ED816AE1 /* [CP] Copy Pods Resources */ = {
			isa = PBXShellScriptBuildPhase;
			buildActionMask = 2147483647;
			files = (
			);
			inputPaths = (
			);
			name = "[CP] Copy Pods Resources";
			outputPaths = (
			);
			runOnlyForDeploymentPostprocessing = 0;
			shellPath = /bin/sh;
			shellScript = "\"${SRCROOT}/Pods/Target Support Files/Pods-DBL/Pods-DBL-resources.sh\"\n";
			showEnvVarsInLog = 0;
		};
/* End PBXShellScriptBuildPhase section */

/* Begin PBXSourcesBuildPhase section */
		1817D5BE1F28A50800E19708 /* Sources */ = {
			isa = PBXSourcesBuildPhase;
			buildActionMask = 2147483647;
			files = (
				1817D5C61F28A50800E19708 /* AppDelegate.swift in Sources */,
				1823D21C1F2B66C3001C18F1 /* DashBoardViewController.swift in Sources */,
			);
			runOnlyForDeploymentPostprocessing = 0;
		};
		1817D5D21F28A50900E19708 /* Sources */ = {
			isa = PBXSourcesBuildPhase;
			buildActionMask = 2147483647;
			files = (
				1817D5DB1F28A50900E19708 /* DBLTests.swift in Sources */,
				1823D21D1F2B66C3001C18F1 /* DashBoardViewController.swift in Sources */,
			);
			runOnlyForDeploymentPostprocessing = 0;
		};
		1817D5DD1F28A50900E19708 /* Sources */ = {
			isa = PBXSourcesBuildPhase;
			buildActionMask = 2147483647;
			files = (
				1817D5E61F28A50900E19708 /* DBLUITests.swift in Sources */,
				1823D21E1F2B66C3001C18F1 /* DashBoardViewController.swift in Sources */,
			);
			runOnlyForDeploymentPostprocessing = 0;
		};
/* End PBXSourcesBuildPhase section */

/* Begin PBXTargetDependency section */
		1817D5D81F28A50900E19708 /* PBXTargetDependency */ = {
			isa = PBXTargetDependency;
			target = 1817D5C11F28A50800E19708 /* DBL */;
			targetProxy = 1817D5D71F28A50900E19708 /* PBXContainerItemProxy */;
		};
		1817D5E31F28A50900E19708 /* PBXTargetDependency */ = {
			isa = PBXTargetDependency;
			target = 1817D5C11F28A50800E19708 /* DBL */;
			targetProxy = 1817D5E21F28A50900E19708 /* PBXContainerItemProxy */;
		};
/* End PBXTargetDependency section */

/* Begin PBXVariantGroup section */
		1817D5CE1F28A50800E19708 /* LaunchScreen.storyboard */ = {
			isa = PBXVariantGroup;
			children = (
				1817D5CF1F28A50800E19708 /* Base */,
			);
			name = LaunchScreen.storyboard;
			sourceTree = "<group>";
		};
/* End PBXVariantGroup section */

/* Begin XCBuildConfiguration section */
		1817D5E81F28A50900E19708 /* Debug */ = {
			isa = XCBuildConfiguration;
			buildSettings = {
				ALWAYS_SEARCH_USER_PATHS = NO;
				CLANG_ANALYZER_NONNULL = YES;
				CLANG_ANALYZER_NUMBER_OBJECT_CONVERSION = YES_AGGRESSIVE;
				CLANG_CXX_LANGUAGE_STANDARD = "gnu++14";
				CLANG_CXX_LIBRARY = "libc++";
				CLANG_ENABLE_MODULES = YES;
				CLANG_ENABLE_OBJC_ARC = YES;
				CLANG_WARN_BLOCK_CAPTURE_AUTORELEASING = YES;
				CLANG_WARN_BOOL_CONVERSION = YES;
				CLANG_WARN_COMMA = YES;
				CLANG_WARN_CONSTANT_CONVERSION = YES;
				CLANG_WARN_DIRECT_OBJC_ISA_USAGE = YES_ERROR;
				CLANG_WARN_DOCUMENTATION_COMMENTS = YES;
				CLANG_WARN_EMPTY_BODY = YES;
				CLANG_WARN_ENUM_CONVERSION = YES;
				CLANG_WARN_INFINITE_RECURSION = YES;
				CLANG_WARN_INT_CONVERSION = YES;
				CLANG_WARN_NON_LITERAL_NULL_CONVERSION = YES;
				CLANG_WARN_OBJC_LITERAL_CONVERSION = YES;
				CLANG_WARN_OBJC_ROOT_CLASS = YES_ERROR;
				CLANG_WARN_RANGE_LOOP_ANALYSIS = YES;
				CLANG_WARN_STRICT_PROTOTYPES = YES;
				CLANG_WARN_SUSPICIOUS_MOVE = YES;
				CLANG_WARN_UNGUARDED_AVAILABILITY = YES_AGGRESSIVE;
				CLANG_WARN_UNREACHABLE_CODE = YES;
				CLANG_WARN__DUPLICATE_METHOD_MATCH = YES;
				CODE_SIGN_IDENTITY = "iPhone Developer";
				COPY_PHASE_STRIP = NO;
				DEBUG_INFORMATION_FORMAT = dwarf;
				ENABLE_STRICT_OBJC_MSGSEND = YES;
				ENABLE_TESTABILITY = YES;
				GCC_C_LANGUAGE_STANDARD = gnu11;
				GCC_DYNAMIC_NO_PIC = NO;
				GCC_NO_COMMON_BLOCKS = YES;
				GCC_OPTIMIZATION_LEVEL = 0;
				GCC_PREPROCESSOR_DEFINITIONS = (
					"DEBUG=1",
					"$(inherited)",
				);
				GCC_WARN_64_TO_32_BIT_CONVERSION = YES;
				GCC_WARN_ABOUT_RETURN_TYPE = YES_ERROR;
				GCC_WARN_UNDECLARED_SELECTOR = YES;
				GCC_WARN_UNINITIALIZED_AUTOS = YES_AGGRESSIVE;
				GCC_WARN_UNUSED_FUNCTION = YES;
				GCC_WARN_UNUSED_VARIABLE = YES;
				IPHONEOS_DEPLOYMENT_TARGET = 11.0;
				MTL_ENABLE_DEBUG_INFO = YES;
				ONLY_ACTIVE_ARCH = YES;
				SDKROOT = iphoneos;
				SWIFT_ACTIVE_COMPILATION_CONDITIONS = DEBUG;
				SWIFT_OPTIMIZATION_LEVEL = "-Onone";
			};
			name = Debug;
		};
		1817D5E91F28A50900E19708 /* Release */ = {
			isa = XCBuildConfiguration;
			buildSettings = {
				ALWAYS_SEARCH_USER_PATHS = NO;
				CLANG_ANALYZER_NONNULL = YES;
				CLANG_ANALYZER_NUMBER_OBJECT_CONVERSION = YES_AGGRESSIVE;
				CLANG_CXX_LANGUAGE_STANDARD = "gnu++14";
				CLANG_CXX_LIBRARY = "libc++";
				CLANG_ENABLE_MODULES = YES;
				CLANG_ENABLE_OBJC_ARC = YES;
				CLANG_WARN_BLOCK_CAPTURE_AUTORELEASING = YES;
				CLANG_WARN_BOOL_CONVERSION = YES;
				CLANG_WARN_COMMA = YES;
				CLANG_WARN_CONSTANT_CONVERSION = YES;
				CLANG_WARN_DIRECT_OBJC_ISA_USAGE = YES_ERROR;
				CLANG_WARN_DOCUMENTATION_COMMENTS = YES;
				CLANG_WARN_EMPTY_BODY = YES;
				CLANG_WARN_ENUM_CONVERSION = YES;
				CLANG_WARN_INFINITE_RECURSION = YES;
				CLANG_WARN_INT_CONVERSION = YES;
				CLANG_WARN_NON_LITERAL_NULL_CONVERSION = YES;
				CLANG_WARN_OBJC_LITERAL_CONVERSION = YES;
				CLANG_WARN_OBJC_ROOT_CLASS = YES_ERROR;
				CLANG_WARN_RANGE_LOOP_ANALYSIS = YES;
				CLANG_WARN_STRICT_PROTOTYPES = YES;
				CLANG_WARN_SUSPICIOUS_MOVE = YES;
				CLANG_WARN_UNGUARDED_AVAILABILITY = YES_AGGRESSIVE;
				CLANG_WARN_UNREACHABLE_CODE = YES;
				CLANG_WARN__DUPLICATE_METHOD_MATCH = YES;
				CODE_SIGN_IDENTITY = "iPhone Developer";
				COPY_PHASE_STRIP = NO;
				DEBUG_INFORMATION_FORMAT = "dwarf-with-dsym";
				ENABLE_NS_ASSERTIONS = NO;
				ENABLE_STRICT_OBJC_MSGSEND = YES;
				GCC_C_LANGUAGE_STANDARD = gnu11;
				GCC_NO_COMMON_BLOCKS = YES;
				GCC_WARN_64_TO_32_BIT_CONVERSION = YES;
				GCC_WARN_ABOUT_RETURN_TYPE = YES_ERROR;
				GCC_WARN_UNDECLARED_SELECTOR = YES;
				GCC_WARN_UNINITIALIZED_AUTOS = YES_AGGRESSIVE;
				GCC_WARN_UNUSED_FUNCTION = YES;
				GCC_WARN_UNUSED_VARIABLE = YES;
				IPHONEOS_DEPLOYMENT_TARGET = 11.0;
				MTL_ENABLE_DEBUG_INFO = NO;
				SDKROOT = iphoneos;
				SWIFT_OPTIMIZATION_LEVEL = "-Owholemodule";
				VALIDATE_PRODUCT = YES;
			};
			name = Release;
		};
		1817D5EB1F28A50900E19708 /* Debug */ = {
			isa = XCBuildConfiguration;
			baseConfigurationReference = 4683F9A6664D9A8BE81676B2 /* Pods-DBL.debug.xcconfig */;
			buildSettings = {
				ASSETCATALOG_COMPILER_APPICON_NAME = AppIcon;
				DEVELOPMENT_TEAM = 8QGTR9JZNR;
				INFOPLIST_FILE = DBL/Info.plist;
				IPHONEOS_DEPLOYMENT_TARGET = 11.0;
				LD_RUNPATH_SEARCH_PATHS = "$(inherited) @executable_path/Frameworks";
				PRODUCT_BUNDLE_IDENTIFIER = smartmobile.DBL;
				PRODUCT_NAME = "$(TARGET_NAME)";
				SWIFT_VERSION = 4.0;
				TARGETED_DEVICE_FAMILY = "1,2";
			};
			name = Debug;
		};
		1817D5EC1F28A50900E19708 /* Release */ = {
			isa = XCBuildConfiguration;
			baseConfigurationReference = 80D1EBF93D167D49B9842FFF /* Pods-DBL.release.xcconfig */;
			buildSettings = {
				ASSETCATALOG_COMPILER_APPICON_NAME = AppIcon;
				DEVELOPMENT_TEAM = 8QGTR9JZNR;
				INFOPLIST_FILE = DBL/Info.plist;
				IPHONEOS_DEPLOYMENT_TARGET = 11.0;
				LD_RUNPATH_SEARCH_PATHS = "$(inherited) @executable_path/Frameworks";
				PRODUCT_BUNDLE_IDENTIFIER = smartmobile.DBL;
				PRODUCT_NAME = "$(TARGET_NAME)";
				SWIFT_VERSION = 4.0;
				TARGETED_DEVICE_FAMILY = "1,2";
			};
			name = Release;
		};
		1817D5EE1F28A50900E19708 /* Debug */ = {
			isa = XCBuildConfiguration;
			buildSettings = {
				ALWAYS_EMBED_SWIFT_STANDARD_LIBRARIES = YES;
				BUNDLE_LOADER = "$(TEST_HOST)";
				INFOPLIST_FILE = DBLTests/Info.plist;
				LD_RUNPATH_SEARCH_PATHS = "$(inherited) @executable_path/Frameworks @loader_path/Frameworks";
				PRODUCT_BUNDLE_IDENTIFIER = smartmobile.DBLTests;
				PRODUCT_NAME = "$(TARGET_NAME)";
				SWIFT_VERSION = 4.0;
				TARGETED_DEVICE_FAMILY = "1,2";
				TEST_HOST = "$(BUILT_PRODUCTS_DIR)/DBL.app/DBL";
			};
			name = Debug;
		};
		1817D5EF1F28A50900E19708 /* Release */ = {
			isa = XCBuildConfiguration;
			buildSettings = {
				ALWAYS_EMBED_SWIFT_STANDARD_LIBRARIES = YES;
				BUNDLE_LOADER = "$(TEST_HOST)";
				INFOPLIST_FILE = DBLTests/Info.plist;
				LD_RUNPATH_SEARCH_PATHS = "$(inherited) @executable_path/Frameworks @loader_path/Frameworks";
				PRODUCT_BUNDLE_IDENTIFIER = smartmobile.DBLTests;
				PRODUCT_NAME = "$(TARGET_NAME)";
				SWIFT_VERSION = 4.0;
				TARGETED_DEVICE_FAMILY = "1,2";
				TEST_HOST = "$(BUILT_PRODUCTS_DIR)/DBL.app/DBL";
			};
			name = Release;
		};
		1817D5F11F28A50900E19708 /* Debug */ = {
			isa = XCBuildConfiguration;
			buildSettings = {
				ALWAYS_EMBED_SWIFT_STANDARD_LIBRARIES = YES;
				INFOPLIST_FILE = DBLUITests/Info.plist;
				LD_RUNPATH_SEARCH_PATHS = "$(inherited) @executable_path/Frameworks @loader_path/Frameworks";
				PRODUCT_BUNDLE_IDENTIFIER = smartmobile.DBLUITests;
				PRODUCT_NAME = "$(TARGET_NAME)";
				SWIFT_VERSION = 4.0;
				TARGETED_DEVICE_FAMILY = "1,2";
				TEST_TARGET_NAME = DBL;
			};
			name = Debug;
		};
		1817D5F21F28A50900E19708 /* Release */ = {
			isa = XCBuildConfiguration;
			buildSettings = {
				ALWAYS_EMBED_SWIFT_STANDARD_LIBRARIES = YES;
				INFOPLIST_FILE = DBLUITests/Info.plist;
				LD_RUNPATH_SEARCH_PATHS = "$(inherited) @executable_path/Frameworks @loader_path/Frameworks";
				PRODUCT_BUNDLE_IDENTIFIER = smartmobile.DBLUITests;
				PRODUCT_NAME = "$(TARGET_NAME)";
				SWIFT_VERSION = 4.0;
				TARGETED_DEVICE_FAMILY = "1,2";
				TEST_TARGET_NAME = DBL;
			};
			name = Release;
		};
/* End XCBuildConfiguration section */

/* Begin XCConfigurationList section */
		1817D5BD1F28A50800E19708 /* Build configuration list for PBXProject "DBL" */ = {
			isa = XCConfigurationList;
			buildConfigurations = (
				1817D5E81F28A50900E19708 /* Debug */,
				1817D5E91F28A50900E19708 /* Release */,
			);
			defaultConfigurationIsVisible = 0;
			defaultConfigurationName = Release;
		};
		1817D5EA1F28A50900E19708 /* Build configuration list for PBXNativeTarget "DBL" */ = {
			isa = XCConfigurationList;
			buildConfigurations = (
				1817D5EB1F28A50900E19708 /* Debug */,
				1817D5EC1F28A50900E19708 /* Release */,
			);
			defaultConfigurationIsVisible = 0;
			defaultConfigurationName = Release;
		};
		1817D5ED1F28A50900E19708 /* Build configuration list for PBXNativeTarget "DBLTests" */ = {
			isa = XCConfigurationList;
			buildConfigurations = (
				1817D5EE1F28A50900E19708 /* Debug */,
				1817D5EF1F28A50900E19708 /* Release */,
			);
			defaultConfigurationIsVisible = 0;
			defaultConfigurationName = Release;
		};
		1817D5F01F28A50900E19708 /* Build configuration list for PBXNativeTarget "DBLUITests" */ = {
			isa = XCConfigurationList;
			buildConfigurations = (
				1817D5F11F28A50900E19708 /* Debug */,
				1817D5F21F28A50900E19708 /* Release */,
			);
			defaultConfigurationIsVisible = 0;
			defaultConfigurationName = Release;
		};
/* End XCConfigurationList section */
	};
	rootObject = 1817D5BA1F28A50800E19708 /* Project object */;
}
